
Microsoft Visual Studio Solution File, Format Version 12.00
# Visual Studio Version 17
VisualStudioVersion = 17.9.34714.143
MinimumVisualStudioVersion = 10.0.40219.1
Project("{FAE04EC0-301F-11D3-BF4B-00C04F79EFBC}") = "WpfApp4", "WpfApp4\WpfApp4.csproj", "{0DCC5D05-9279-42A4-8A6D-6E84590FED9B}"
EndProject
Project("{54435603-DBB4-11D2-8724-00A0C9A8B90C}") = "FUHR Configurator", "FUHR Configurator\FUHR Configurator.vdproj", "{8C829CC3-03BD-4E52-81AB-FA20C4059182}"
EndProject
Global
	GlobalSection(SolutionConfigurationPlatforms) = preSolution
		Debug|Any CPU = Debug|Any CPU
		Release|Any CPU = Release|Any CPU
	EndGlobalSection
	GlobalSection(ProjectConfigurationPlatforms) = postSolution
		{0DCC5D05-9279-42A4-8A6D-6E84590FED9B}.Debug|Any CPU.ActiveCfg = Debug|Any CPU
		{0DCC5D05-9279-42A4-8A6D-6E84590FED9B}.Debug|Any CPU.Build.0 = Debug|Any CPU
		{0DCC5D05-9279-42A4-8A6D-6E84590FED9B}.Release|Any CPU.ActiveCfg = Release|Any CPU
		{0DCC5D05-9279-42A4-8A6D-6E84590FED9B}.Release|Any CPU.Build.0 = Release|Any CPU
		{8C829CC3-03BD-4E52-81AB-FA20C4059182}.Debug|Any CPU.ActiveCfg = Debug
		{8C829CC3-03BD-4E52-81AB-FA20C4059182}.Release|Any CPU.ActiveCfg = Release
	EndGlobalSection
	GlobalSection(SolutionProperties) = preSolution
		HideSolutionNode = FALSE
	EndGlobalSection
	GlobalSection(ExtensibilityGlobals) = postSolution
		SolutionGuid = {6E8A9E26-C5FE-4D9E-8698-65E2915CDCB4}
	EndGlobalSection
EndGlobal
